<?xml version="1.0" encoding="UTF-8"?>
<Scheme
   LastUpgradeVersion = "1250"
   version = "1.3">
   <BuildAction
      parallelizeBuildables = "YES"
      buildImplicitDependencies = "YES">
      <BuildActionEntries>
         <BuildActionEntry
            buildForTesting = "YES"
            buildForRunning = "YES"
            buildForProfiling = "YES"
            buildForArchiving = "YES"
            buildForAnalyzing = "YES">
            <BuildableReference
               BuildableIdentifier = "primary"
               BlueprintIdentifier = "C6504A44263EACA600F4FCD1"
               BuildableName = "DrinGoFeed.framework"
               BlueprintName = "DrinGoFeed"
               ReferencedContainer = "container:../DrinGoFeed/DrinGoFeed.xcodeproj">
            </BuildableReference>
         </BuildActionEntry>
      </BuildActionEntries>
   </BuildAction>
   <TestAction
      buildConfiguration = "Debug"
      selectedDebuggerIdentifier = "Xcode.DebuggerFoundation.Debugger.LLDB"
      selectedLauncherIdentifier = "Xcode.DebuggerFoundation.Launcher.LLDB"
      shouldUseLaunchSchemeArgsEnv = "YES"
      enableThreadSanitizer = "YES"
      codeCoverageEnabled = "YES"
      onlyGenerateCoverageForSpecifiedTargets = "YES">
      <CodeCoverageTargets>
         <BuildableReference
            BuildableIdentifier = "primary"
            BlueprintIdentifier = "C6504A44263EACA600F4FCD1"
            BuildableName = "DrinGoFeed.framework"
            BlueprintName = "DrinGoFeed"
            ReferencedContainer = "container:../DrinGoFeed/DrinGoFeed.xcodeproj">
         </BuildableReference>
         <BuildableReference
            BuildableIdentifier = "primary"
            BlueprintIdentifier = "C6835BC326578FF0000EFEF8"
            BuildableName = "DrinGoFeediOS.framework"
            BlueprintName = "DrinGoFeediOS"
            ReferencedContainer = "container:../DrinGoFeed/DrinGoFeed.xcodeproj">
         </BuildableReference>
         <BuildableReference
            BuildableIdentifier = "primary"
            BlueprintIdentifier = "C6089E4F26636DEC00EE1A7D"
            BuildableName = "DrinGoApp.app"
            BlueprintName = "DrinGoApp"
            ReferencedContainer = "container:DrinGoApp.xcodeproj">
         </BuildableReference>
      </CodeCoverageTargets>
      <Testables>
         <TestableReference
            skipped = "NO"
            testExecutionOrdering = "random">
            <BuildableReference
               BuildableIdentifier = "primary"
               BlueprintIdentifier = "C6504A4D263EACA700F4FCD1"
               BuildableName = "DrinGoFeedTests.xctest"
               BlueprintName = "DrinGoFeedTests"
               ReferencedContainer = "container:../DrinGoFeed/DrinGoFeed.xcodeproj">
            </BuildableReference>
         </TestableReference>
         <TestableReference
            skipped = "NO"
            testExecutionOrdering = "random">
            <BuildableReference
               BuildableIdentifier = "primary"
               BlueprintIdentifier = "C61E1AD32643C68F0051E30C"
               BuildableName = "DrinGoFeedAPIEndToEndTests.xctest"
               BlueprintName = "DrinGoFeedAPIEndToEndTests"
               ReferencedContainer = "container:../DrinGoFeed/DrinGoFeed.xcodeproj">
            </BuildableReference>
         </TestableReference>
         <TestableReference
            skipped = "NO"
            testExecutionOrdering = "random">
            <BuildableReference
               BuildableIdentifier = "primary"
               BlueprintIdentifier = "C63CC9852651724F007EC72D"
               BuildableName = "DrinGoFeedCacheIntegrationTests.xctest"
               BlueprintName = "DrinGoFeedCacheIntegrationTests"
               ReferencedContainer = "container:../DrinGoFeed/DrinGoFeed.xcodeproj">
            </BuildableReference>
         </TestableReference>
         <TestableReference
            skipped = "NO"
            testExecutionOrdering = "random">
            <BuildableReference
               BuildableIdentifier = "primary"
               BlueprintIdentifier = "C6835BCB26578FF0000EFEF8"
               BuildableName = "DrinGoFeediOSTests.xctest"
               BlueprintName = "DrinGoFeediOSTests"
               ReferencedContainer = "container:../DrinGoFeed/DrinGoFeed.xcodeproj">
            </BuildableReference>
         </TestableReference>
         <TestableReference
            skipped = "NO"
            testExecutionOrdering = "random">
            <BuildableReference
               BuildableIdentifier = "primary"
               BlueprintIdentifier = "C6089E6526636DEE00EE1A7D"
               BuildableName = "DrinGoAppTests.xctest"
               BlueprintName = "DrinGoAppTests"
               ReferencedContainer = "container:DrinGoApp.xcodeproj">
            </BuildableReference>
         </TestableReference>
      </Testables>
   </TestAction>
   <LaunchAction
      buildConfiguration = "Debug"
      selectedDebuggerIdentifier = "Xcode.DebuggerFoundation.Debugger.LLDB"
      selectedLauncherIdentifier = "Xcode.DebuggerFoundation.Launcher.LLDB"
      launchStyle = "0"
      useCustomWorkingDirectory = "NO"
      ignoresPersistentStateOnLaunch = "NO"
      debugDocumentVersioning = "YES"
      debugServiceExtension = "internal"
      allowLocationSimulation = "YES">
   </LaunchAction>
   <ProfileAction
      buildConfiguration = "Release"
      shouldUseLaunchSchemeArgsEnv = "YES"
      savedToolIdentifier = ""
      useCustomWorkingDirectory = "NO"
      debugDocumentVersioning = "YES">
      <MacroExpansion>
         <BuildableReference
            BuildableIdentifier = "primary"
            BlueprintIdentifier = "C6504A44263EACA600F4FCD1"
            BuildableName = "DrinGoFeed.framework"
            BlueprintName = "DrinGoFeed"
            ReferencedContainer = "container:../DrinGoFeed/DrinGoFeed.xcodeproj">
         </BuildableReference>
      </MacroExpansion>
   </ProfileAction>
   <AnalyzeAction
      buildConfiguration = "Debug">
   </AnalyzeAction>
   <ArchiveAction
      buildConfiguration = "Release"
      revealArchiveInOrganizer = "YES">
   </ArchiveAction>
</Scheme>
